{
    "_meta": {
        "hash": {
            "sha256": "9bb289f3cc37f59f20385a8cdd04711031b335d4d112c23f062e1cca5c22512a"
        },
        "pipfile-spec": 6,
        "requires": {
            "python_version": "3.6"
        },
        "sources": [
            {
                "name": "pypi",
                "url": "https://pypi.org/simple",
                "verify_ssl": true
            }
        ]
    },
    "default": {
        "numpy": {
            "hashes": [
                "sha256:0e2eed77804b2a6a88741f8fcac02c5499bba3953ec9c71e8b217fad4912c56c",
                "sha256:1c666f04553ef70fda54adf097dbae7080645435fc273e2397f26bbf1d127bbb",
                "sha256:1f46532afa7b2903bfb1b79becca2954c0a04389d19e03dc73f06b039048ac40",
                "sha256:315fa1b1dfc16ae0f03f8fd1c55f23fd15368710f641d570236f3d78af55e340",
                "sha256:3d5fcea4f5ed40c3280791d54da3ad2ecf896f4c87c877b113576b8280c59441",
                "sha256:48241759b99d60aba63b0e590332c600fc4b46ad597c9b0a53f350b871ef0634",
                "sha256:4b4f2924b36d857cf302aec369caac61e43500c17eeef0d7baacad1084c0ee84",
                "sha256:54fe3b7ed9e7eb928bbc4318f954d133851865f062fa4bbb02ef8940bc67b5d2",
                "sha256:5a8f021c70e6206c317974c93eaaf9bc2b56295b6b1cacccf88846e44a1f33fc",
                "sha256:754a6be26d938e6ca91942804eb209307b73f806a1721176278a6038869a1686",
                "sha256:771147e654e8b95eea1293174a94f34e2e77d5729ad44aefb62fbf8a79747a15",
                "sha256:78a6f89da87eeb48014ec652a65c4ffde370c036d780a995edaeb121d3625621",
                "sha256:7fde5c2a3a682a9e101e61d97696687ebdba47637611378b4127fe7e47fdf2bf",
                "sha256:80d99399c97f646e873dd8ce87c38cfdbb668956bbc39bc1e6cac4b515bba2a0",
                "sha256:88a72c1e45a0ae24d1f249a529d9f71fe82e6fa6a3fd61414b829396ec585900",
                "sha256:a4f4460877a16ac73302a9c077ca545498d9fe64e6a81398d8e1a67e4695e3df",
                "sha256:a61255a765b3ac73ee4b110b28fccfbf758c985677f526c2b4b39c48cc4b509d",
                "sha256:ab4896a8c910b9a04c0142871d8800c76c8a2e5ff44763513e1dd9d9631ce897",
                "sha256:abbd6b1c2ef6199f4b7ca9f818eb6b31f17b73a6110aadc4e4298c3f00fab24e",
                "sha256:b16d88da290334e33ea992c56492326ea3b06233a00a1855414360b77ca72f26",
                "sha256:b78a1defedb0e8f6ae1eb55fa6ac74ab42acc4569c3a2eacc2a407ee5d42ebcb",
                "sha256:cfef82c43b8b29ca436560d51b2251d5117818a8d1fb74a8384a83c096745dad",
                "sha256:d160e57731fcdec2beda807ebcabf39823c47e9409485b5a3a1db3a8c6ce763e"
            ],
            "index": "pypi",
            "version": "==1.16.3"
        },
        "pygame": {
            "hashes": [
                "sha256:069bc80e4d905ddfbc221c9aa7db82168321db23b284bf0219fbd18b43cfa9d4",
                "sha256:0e98c0371bda7c2349d83f8b3a9a60ac4e0979a63061f2289f42d37d9e9d945d",
                "sha256:10270be004d77e2ba45dceeceacdd6a411508d26d18e1c75036b6234f3b12f86",
                "sha256:1da9cda4efd1e36b1e1ee57d888880ca75af01d7c324d8fdffa41f2c91f01fe6",
                "sha256:2966208f4174a62e3d44ea558927b7974f3a68135ab9c16244e300cd61cc70cb",
                "sha256:2ab14d73e4a459f5567000c84d46bc6d42836eabdeb2b648f5b8c684c7d5e60b",
                "sha256:2eedfd5b31150ecdd06ce6e500634b71df3dbc55a869fcce2ad7f221d70366a8",
                "sha256:43f4f48eda7a014a2d68f43c18997bf3aa188f5f9a20d4a45bf6c327631f6717",
                "sha256:595109261d83d405ad2ba9da270ca5e5f6f250b1dd8e8bbdd6c1e75aa808a23a",
                "sha256:5a5b4750e69bbad862bc761b934b1227870db57ffd98f0261e428aa6d9370f69",
                "sha256:5cb9da8d8b0c75750b1255356038933e978acfcd12d656ad87cfdc7e23872fbe",
                "sha256:62d5436faada36669950e3c0352887f2161dff38a70b143f9e3e689395434873",
                "sha256:662704af133228cd8a6e3e48850fad826d170416036ec3aec4b10500c4b39484",
                "sha256:6dacf130a2ad4e9678a38945bac0ffeccdfdf22d45fd87973edeec9c0f17a46f",
                "sha256:7fb1c0193c16e06fc06c9c80e0ca0a0226e7df7efde0a1ea795576b56fc56525",
                "sha256:bc9aa972f2bfa8aa6bdd7a864af717b3b611a082cf16371381fdc1fbd7d68bbc",
                "sha256:c47b89774f0f690786d4767c6ebfc735254cdf7753a45d1e605f49107fd1d736",
                "sha256:e4ad7578cf2afd3798a40ada7e699c5120f7b788be6f6f979b8079f6823efbac",
                "sha256:ec849b3657e7ee0dccf959e9fa330029bcca7d0b3b8b778915498539b7aebf42",
                "sha256:f480c341b979db581bc68e259b7d0a96a83e853663a4fb040ff8d51504f953f8"
            ],
            "index": "pypi",
            "version": "==1.9.6rc2"
        },
        "pyglm": {
            "hashes": [
                "sha256:1eec4ac0673341d40df0a622ad7e43ab831036312b8c725a37eac40ec6605a70",
                "sha256:3c5ce01d29933423c9c19d71f9ee0c1615ea3d167e03eacce405c954d777104d",
                "sha256:adc7cbb526ecf156a376688eb20add76f360073a8c8c514728507895d8cfe3f9",
                "sha256:c15d533e8677afab41fd3613432f69ea87c7a89b9ab8ed608ca75947f1bc1356",
                "sha256:dc2611d5eece717f923a0e8aab3a955e11e942c2d407b795ef14d66db2799e88",
                "sha256:ef24742f13f905350f8023a49be529033313a8596d63d674bb544efaec6d5943",
                "sha256:fed5755f8fa95ed14a09274e62656000fd6050343a7282ab6427cc4078272569"
            ],
            "index": "pypi",
            "version": "==0.5.2b1"
        },
        "pyopengl": {
            "hashes": [
                "sha256:ac73b4c0b433be02d6a55b9ed768acf07003a92a3315ba9d62bc8f8da5f0c291"
            ],
            "index": "pypi",
            "version": "==3.1.3b2"
        }
    },
    "develop": {}
}
